
Microsoft Visual Studio Solution File, Format Version 12.00
# Visual Studio 2013
VisualStudioVersion = 12.0.31101.0
MinimumVisualStudioVersion = 10.0.40219.1
Project("{FAE04EC0-301F-11D3-BF4B-00C04F79EFBC}") = "CEP", "CEP\CEP.csproj", "{3E6EF8BA-ABE6-453B-BBB5-FFD08103F84C}"
EndProject
Project("{FAE04EC0-301F-11D3-BF4B-00C04F79EFBC}") = "CepCrmIntegration", "CepCrmIntegration\CepCrmIntegration.csproj", "{D8B1FE27-65A5-4605-B780-7435E05AC8F3}"
EndProject
Global
	GlobalSection(SolutionConfigurationPlatforms) = preSolution
		Debug|Any CPU = Debug|Any CPU
		Release|Any CPU = Release|Any CPU
	EndGlobalSection
	GlobalSection(ProjectConfigurationPlatforms) = postSolution
		{3E6EF8BA-ABE6-453B-BBB5-FFD08103F84C}.Debug|Any CPU.ActiveCfg = Debug|Any CPU
		{3E6EF8BA-ABE6-453B-BBB5-FFD08103F84C}.Debug|Any CPU.Build.0 = Debug|Any CPU
		{3E6EF8BA-ABE6-453B-BBB5-FFD08103F84C}.Release|Any CPU.ActiveCfg = Release|Any CPU
		{3E6EF8BA-ABE6-453B-BBB5-FFD08103F84C}.Release|Any CPU.Build.0 = Release|Any CPU
		{D8B1FE27-65A5-4605-B780-7435E05AC8F3}.Debug|Any CPU.ActiveCfg = Debug|Any CPU
		{D8B1FE27-65A5-4605-B780-7435E05AC8F3}.Debug|Any CPU.Build.0 = Debug|Any CPU
		{D8B1FE27-65A5-4605-B780-7435E05AC8F3}.Release|Any CPU.ActiveCfg = Release|Any CPU
		{D8B1FE27-65A5-4605-B780-7435E05AC8F3}.Release|Any CPU.Build.0 = Release|Any CPU
	EndGlobalSection
	GlobalSection(SolutionProperties) = preSolution
		HideSolutionNode = FALSE
	EndGlobalSection
EndGlobal
